
Microsoft Visual Studio Solution File, Format Version 12.00
# Visual Studio Version 17
VisualStudioVersion = 17.0.31903.59
MinimumVisualStudioVersion = 10.0.40219.1
Project("{9A19103F-16F7-4668-BE54-9A1E7A4F7556}") = "UmbracoContainer", "UmbracoContainer\UmbracoContainer.csproj", "{38895926-8A05-48DF-987A-4DB41314EBEA}"
EndProject
Global
	GlobalSection(SolutionConfigurationPlatforms) = preSolution
		Debug|Any CPU = Debug|Any CPU
		Release|Any CPU = Release|Any CPU
	EndGlobalSection
	GlobalSection(ProjectConfigurationPlatforms) = postSolution
		{38895926-8A05-48DF-987A-4DB41314EBEA}.Debug|Any CPU.ActiveCfg = Debug|Any CPU
		{38895926-8A05-48DF-987A-4DB41314EBEA}.Debug|Any CPU.Build.0 = Debug|Any CPU
		{38895926-8A05-48DF-987A-4DB41314EBEA}.Release|Any CPU.ActiveCfg = Release|Any CPU
		{38895926-8A05-48DF-987A-4DB41314EBEA}.Release|Any CPU.Build.0 = Release|Any CPU
	EndGlobalSection
	GlobalSection(SolutionProperties) = preSolution
		HideSolutionNode = FALSE
	EndGlobalSection
	GlobalSection(ExtensibilityGlobals) = postSolution
		SolutionGuid = {0CA7D688-DADF-4C97-B7C4-8B4648216036}
	EndGlobalSection
EndGlobal
